{
  "requires": true,
  "lockfileVersion": 1,
  "dependencies": {
    "angular2-datetimepicker": {
      "version": "1.1.1",
      "resolved": "https://registry.npmjs.org/angular2-datetimepicker/-/angular2-datetimepicker-1.1.1.tgz",
      "integrity": "sha1-acTZkcSKYNq4CiDYfoU5bBhfH0I=",
      "requires": {
        "font-awesome": "*"
      }
    },
    "font-awesome": {
      "version": "4.7.0",
      "resolved": "https://registry.npmjs.org/font-awesome/-/font-awesome-4.7.0.tgz",
      "integrity": "sha1-j6jPBBGhoxr9B7BtKQK7n8gVoTM="
    }
  }
}
